
Microsoft Visual Studio Solution File, Format Version 12.00
Project("{FAE04EC0-301F-11D3-BF4B-00C04F79EFBC}") = "WhatExecLib", "WhatExecLib\WhatExecLib.csproj", "{EDEC5B56-4CEE-4BA3-958D-6B9186A7F48E}"
EndProject
Project("{FAE04EC0-301F-11D3-BF4B-00C04F79EFBC}") = "WhatExec.Cli", "WhatExec.Cli\WhatExec.Cli.csproj", "{91FBE090-EF87-4E58-9169-F9355567DC91}"
EndProject
Project("{FAE04EC0-301F-11D3-BF4B-00C04F79EFBC}") = "WhatExecLib.Extensions", "WhatExecLib.Extensions\WhatExecLib.Extensions.csproj", "{851965D2-E790-4FFE-BE58-2BDDD5BA93B2}"
EndProject
Project("{FAE04EC0-301F-11D3-BF4B-00C04F79EFBC}") = "WhatExecLib.Abstractions", "WhatExecLib.Abstractions\WhatExecLib.Abstractions.csproj", "{BDEB6E29-0700-4A63-943F-B431867DF905}"
EndProject
Project("{2150E333-8FDC-42A3-9474-1A3956D46DE8}") = "ui", "ui", "{0B6D7ED9-0209-45A5-9817-DCD7408B3171}"
EndProject
Project("{2150E333-8FDC-42A3-9474-1A3956D46DE8}") = "logic", "logic", "{A35C4848-CF5A-4AEC-B180-3930B02BD424}"
EndProject
Global
	GlobalSection(SolutionConfigurationPlatforms) = preSolution
		Debug|Any CPU = Debug|Any CPU
		Release|Any CPU = Release|Any CPU
	EndGlobalSection
	GlobalSection(ProjectConfigurationPlatforms) = postSolution
		{EDEC5B56-4CEE-4BA3-958D-6B9186A7F48E}.Debug|Any CPU.ActiveCfg = Debug|Any CPU
		{EDEC5B56-4CEE-4BA3-958D-6B9186A7F48E}.Debug|Any CPU.Build.0 = Debug|Any CPU
		{EDEC5B56-4CEE-4BA3-958D-6B9186A7F48E}.Release|Any CPU.ActiveCfg = Release|Any CPU
		{EDEC5B56-4CEE-4BA3-958D-6B9186A7F48E}.Release|Any CPU.Build.0 = Release|Any CPU
		{91FBE090-EF87-4E58-9169-F9355567DC91}.Debug|Any CPU.ActiveCfg = Debug|Any CPU
		{91FBE090-EF87-4E58-9169-F9355567DC91}.Debug|Any CPU.Build.0 = Debug|Any CPU
		{91FBE090-EF87-4E58-9169-F9355567DC91}.Release|Any CPU.ActiveCfg = Release|Any CPU
		{91FBE090-EF87-4E58-9169-F9355567DC91}.Release|Any CPU.Build.0 = Release|Any CPU
		{851965D2-E790-4FFE-BE58-2BDDD5BA93B2}.Debug|Any CPU.ActiveCfg = Debug|Any CPU
		{851965D2-E790-4FFE-BE58-2BDDD5BA93B2}.Debug|Any CPU.Build.0 = Debug|Any CPU
		{851965D2-E790-4FFE-BE58-2BDDD5BA93B2}.Release|Any CPU.ActiveCfg = Release|Any CPU
		{851965D2-E790-4FFE-BE58-2BDDD5BA93B2}.Release|Any CPU.Build.0 = Release|Any CPU
		{BDEB6E29-0700-4A63-943F-B431867DF905}.Debug|Any CPU.ActiveCfg = Debug|Any CPU
		{BDEB6E29-0700-4A63-943F-B431867DF905}.Debug|Any CPU.Build.0 = Debug|Any CPU
		{BDEB6E29-0700-4A63-943F-B431867DF905}.Release|Any CPU.ActiveCfg = Release|Any CPU
		{BDEB6E29-0700-4A63-943F-B431867DF905}.Release|Any CPU.Build.0 = Release|Any CPU
	EndGlobalSection
	GlobalSection(NestedProjects) = preSolution
		{EDEC5B56-4CEE-4BA3-958D-6B9186A7F48E} = {A35C4848-CF5A-4AEC-B180-3930B02BD424}
		{BDEB6E29-0700-4A63-943F-B431867DF905} = {A35C4848-CF5A-4AEC-B180-3930B02BD424}
		{851965D2-E790-4FFE-BE58-2BDDD5BA93B2} = {A35C4848-CF5A-4AEC-B180-3930B02BD424}
		{91FBE090-EF87-4E58-9169-F9355567DC91} = {0B6D7ED9-0209-45A5-9817-DCD7408B3171}
	EndGlobalSection
EndGlobal
